{
  "R": {
    "Version": "4.2.2",
    "Repositories": [
      {
        "Name": "CRAN",
        "URL": "https://cloud.r-project.org"
      },
      {
        "Name": "SAGE",
        "URL": "http://ran.synapse.org"
      }
    ]
  },
  "Packages": {
    "Matrix": {
      "Package": "Matrix",
      "Version": "1.5-1",
      "Source": "Repository",
      "Repository": "CRAN",
      "Hash": "539dc0c0c05636812f1080f473d2c177",
      "Requirements": [
        "lattice"
      ]
    },
    "R6": {
      "Package": "R6",
      "Version": "2.5.1",
      "Source": "Repository",
      "Repository": "CRAN",
      "Hash": "470851b6d5d0ac559e9d01bb352b4021",
      "Requirements": []
    },
    "Rcpp": {
      "Package": "Rcpp",
      "Version": "1.0.10",
      "Source": "Repository",
      "Repository": "CRAN",
      "Hash": "e749cae40fa9ef469b6050959517453c",
      "Requirements": []
    },
    "RcppTOML": {
      "Package": "RcppTOML",
      "Version": "0.2.2",
      "Source": "Repository",
      "Repository": "CRAN",
      "Hash": "c232938949fcd8126034419cc529333a",
      "Requirements": [
        "Rcpp"
      ]
    },
    "argparse": {
      "Package": "argparse",
      "Version": "2.2.1",
      "Source": "Repository",
      "Repository": "CRAN",
      "Hash": "878bc8d5c89531a4234637afa3fc2413",
      "Requirements": [
        "R6",
        "findpython",
        "jsonlite"
      ]
    },
    "findpython": {
      "Package": "findpython",
      "Version": "1.0.7",
      "Source": "Repository",
      "Repository": "CRAN",
      "Hash": "73cb09f8220dfed388bd89d180f0b922",
      "Requirements": []
    },
    "glue": {
      "Package": "glue",
      "Version": "1.6.2",
      "Source": "Repository",
      "Repository": "CRAN",
      "Hash": "4f2596dfb05dac67b9dc558e5c6fba2e",
      "Requirements": []
    },
    "here": {
      "Package": "here",
      "Version": "1.0.1",
      "Source": "Repository",
      "Repository": "CRAN",
      "Hash": "24b224366f9c2e7534d2344d10d59211",
      "Requirements": [
        "rprojroot"
      ]
    },
    "jsonlite": {
      "Package": "jsonlite",
      "Version": "1.8.5",
      "Source": "Repository",
      "Repository": "CRAN",
      "Hash": "3ee4d9899e4db3e976fc82b98d24a31a",
      "Requirements": []
    },
    "lattice": {
      "Package": "lattice",
      "Version": "0.20-45",
      "Source": "Repository",
      "Repository": "CRAN",
      "Hash": "b64cdbb2b340437c4ee047a1f4c4377b",
      "Requirements": []
    },
    "png": {
      "Package": "png",
      "Version": "0.1-8",
      "Source": "Repository",
      "Repository": "CRAN",
      "Hash": "bd54ba8a0a5faded999a7aab6e46b374",
      "Requirements": []
    },
    "rappdirs": {
      "Package": "rappdirs",
      "Version": "0.3.3",
      "Source": "Repository",
      "Repository": "CRAN",
      "Hash": "5e3c5dc0b071b21fa128676560dbe94d",
      "Requirements": []
    },
    "renv": {
      "Package": "renv",
      "Version": "0.15.1",
      "Source": "Repository",
      "Repository": "CRAN",
      "Hash": "c38694b67e7f7091f7d073b3766258cc",
      "Requirements": []
    },
    "reticulate": {
      "Package": "reticulate",
      "Version": "1.28",
      "Source": "Repository",
      "Repository": "CRAN",
      "Hash": "86c441bf33e1d608db773cb94b848458",
      "Requirements": [
        "Matrix",
        "Rcpp",
        "RcppTOML",
        "here",
        "jsonlite",
        "png",
        "rappdirs",
        "withr"
      ]
    },
    "rjson": {
      "Package": "rjson",
      "Version": "0.2.21",
      "Source": "Repository",
      "Repository": "CRAN",
      "Hash": "f9da75e6444e95a1baf8ca24909d63b9",
      "Requirements": []
    },
    "rprojroot": {
      "Package": "rprojroot",
      "Version": "2.0.3",
      "Source": "Repository",
      "Repository": "CRAN",
      "Hash": "1de7ab598047a87bba48434ba35d497d",
      "Requirements": []
    },
    "synapser": {
      "Package": "synapser",
      "Version": "1.0.0",
      "Source": "Local",
      "RemoteType": "local",
      "RemoteUrl": "/Users/tyu/sage/products-synapse-tools/synapser",
      "Hash": "8c6a5e0e558507bb853efe6e2beb06bd",
      "Requirements": [
        "reticulate",
        "rjson"
      ]
    },
    "withr": {
      "Package": "withr",
      "Version": "2.5.0",
      "Source": "Repository",
      "Repository": "CRAN",
      "Hash": "c0e49a9760983e81e55cdd9be92e7182",
      "Requirements": []
    },
    "yaml": {
      "Package": "yaml",
      "Version": "2.3.6",
      "Source": "Repository",
      "Repository": "CRAN",
      "Hash": "9b570515751dcbae610f29885e025b41",
      "Requirements": []
    }
  }
}
